
Microsoft Visual Studio Solution File, Format Version 12.00
# Visual Studio 14
VisualStudioVersion = 14.0.25420.1
MinimumVisualStudioVersion = 10.0.40219.1
Project("{FAE04EC0-301F-11D3-BF4B-00C04F79EFBC}") = "DataAccess", "DataAccess\DataAccess.csproj", "{CE2BB724-7B7D-431E-A1D5-7FE4CDED84C9}"
EndProject
Project("{FAE04EC0-301F-11D3-BF4B-00C04F79EFBC}") = "Domain", "Domain\Domain.csproj", "{4A26057A-9866-40A8-8CD5-E0E1C08D4D4C}"
EndProject
Project("{FAE04EC0-301F-11D3-BF4B-00C04F79EFBC}") = "Store", "Store\Store.csproj", "{3B3D951F-D314-4C2A-B7F5-0A34BBE820CD}"
EndProject
Global
	GlobalSection(SolutionConfigurationPlatforms) = preSolution
		Debug|Any CPU = Debug|Any CPU
		Release|Any CPU = Release|Any CPU
	EndGlobalSection
	GlobalSection(ProjectConfigurationPlatforms) = postSolution
		{CE2BB724-7B7D-431E-A1D5-7FE4CDED84C9}.Debug|Any CPU.ActiveCfg = Debug|Any CPU
		{CE2BB724-7B7D-431E-A1D5-7FE4CDED84C9}.Debug|Any CPU.Build.0 = Debug|Any CPU
		{CE2BB724-7B7D-431E-A1D5-7FE4CDED84C9}.Release|Any CPU.ActiveCfg = Release|Any CPU
		{CE2BB724-7B7D-431E-A1D5-7FE4CDED84C9}.Release|Any CPU.Build.0 = Release|Any CPU
		{4A26057A-9866-40A8-8CD5-E0E1C08D4D4C}.Debug|Any CPU.ActiveCfg = Debug|Any CPU
		{4A26057A-9866-40A8-8CD5-E0E1C08D4D4C}.Debug|Any CPU.Build.0 = Debug|Any CPU
		{4A26057A-9866-40A8-8CD5-E0E1C08D4D4C}.Release|Any CPU.ActiveCfg = Release|Any CPU
		{4A26057A-9866-40A8-8CD5-E0E1C08D4D4C}.Release|Any CPU.Build.0 = Release|Any CPU
		{3B3D951F-D314-4C2A-B7F5-0A34BBE820CD}.Debug|Any CPU.ActiveCfg = Debug|Any CPU
		{3B3D951F-D314-4C2A-B7F5-0A34BBE820CD}.Debug|Any CPU.Build.0 = Debug|Any CPU
		{3B3D951F-D314-4C2A-B7F5-0A34BBE820CD}.Release|Any CPU.ActiveCfg = Release|Any CPU
		{3B3D951F-D314-4C2A-B7F5-0A34BBE820CD}.Release|Any CPU.Build.0 = Release|Any CPU
	EndGlobalSection
	GlobalSection(SolutionProperties) = preSolution
		HideSolutionNode = FALSE
	EndGlobalSection
EndGlobal
